<?xml version="1.0" encoding="UTF-8" standalone="yes" ?>
<CodeBlocks_project_file>
	<FileVersion major="1" minor="6" />
	<Project>
		<Option title="UpdateManager" />
		<Option pch_mode="2" />
		<Option compiler="gcc" />
		<Build>
			<Target title="Debug">
				<Option output="bin/Debug/UpdateManager" prefix_auto="1" extension_auto="1" />
				<Option object_output="obj/Debug/" />
				<Option type="1" />
				<Option compiler="gcc" />
				<Compiler>
					<Add option="-g" />
					<Add option="-lpthread" />
					<Add directory="include" />
				</Compiler>
				<Linker>
					<Add option="-lpthread" />
				</Linker>
			</Target>
			<Target title="Release">
				<Option output="bin/Release/UpdateManager" prefix_auto="1" extension_auto="1" />
				<Option object_output="obj/Release/" />
				<Option type="1" />
				<Option compiler="gcc" />
				<Compiler>
					<Add option="-O2" />
					<Add option="-lpthread" />
					<Add directory="include" />
				</Compiler>
				<Linker>
					<Add option="-s" />
					<Add option="-lpthread" />
				</Linker>
			</Target>
		</Build>
		<Compiler>
			<Add option="-Wall" />
			<Add option="-fexceptions" />
		</Compiler>
		<Unit filename="include/decision/MoveDecision.h" />
		<Unit filename="include/decision/ShootDecision.h" />
		<Unit filename="include/decision/StopDecision.h" />
		<Unit filename="include/interface.h" />
		<Unit filename="include/operator/Tank.h" />
		<Unit filename="include/um/Action.h" />
		<Unit filename="include/um/Decision.h" />
		<Unit filename="include/um/DecisionFactory.h" />
		<Unit filename="include/um/Event.h" />
		<Unit filename="include/um/Marco.h" />
		<Unit filename="include/um/Operator.h" />
		<Unit filename="include/um/Rules.h" />
		<Unit filename="include/um/Singleton.h" />
		<Unit filename="include/um/State.h" />
		<Unit filename="include/um/Timer.h" />
		<Unit filename="include/um/UpdateEngine.h" />
		<Unit filename="include/um/UpdateManager.h" />
		<Unit filename="main.cpp" />
		<Unit filename="src/decision/MoveDecision.cpp" />
		<Unit filename="src/decision/ShootDecision.cpp" />
		<Unit filename="src/decision/StopDecision.cpp" />
		<Unit filename="src/interface.cpp" />
		<Unit filename="src/operator/Tank.cpp" />
		<Unit filename="src/um/umAction.cpp" />
		<Unit filename="src/um/umDecision.cpp" />
		<Unit filename="src/um/umDecisionFactory.cpp" />
		<Unit filename="src/um/umEvent.cpp" />
		<Unit filename="src/um/umOperator.cpp" />
		<Unit filename="src/um/umRules.cpp" />
		<Unit filename="src/um/umState.cpp" />
		<Unit filename="src/um/umTimer.cpp" />
		<Unit filename="src/um/umUpdateEngine.cpp" />
		<Unit filename="src/um/umUpdateManager.cpp" />
		<Extensions>
			<code_completion />
			<envvars />
			<lib_finder disable_auto="1" />
			<debugger />
		</Extensions>
	</Project>
</CodeBlocks_project_file>
