<?xml version="1.0" encoding="UTF-8" standalone="yes" ?>
<CodeBlocks_project_file>
	<FileVersion major="1" minor="6" />
	<Project>
		<Option title="Game" />
		<Option pch_mode="2" />
		<Option compiler="gcc" />
		<Build>
			<Target title="Debug">
				<Option output="bin/Debug/UpdateManager" prefix_auto="1" extension_auto="1" />
				<Option object_output="obj/Debug/" />
				<Option type="1" />
				<Option compiler="gcc" />
				<Compiler>
					<Add option="-g" />
					<Add option="-lpthread" />
					<Add directory="include" />
					<Add directory="include/decision" />
				</Compiler>
				<Linker>
					<Add option="-lpthread" />
					<Add option="`mysql_config --cflags --libs`" />
				</Linker>
			</Target>
			<Target title="Release">
				<Option output="bin/Release/UpdateManager" prefix_auto="1" extension_auto="1" />
				<Option object_output="obj/Release/" />
				<Option type="1" />
				<Option compiler="gcc" />
				<Compiler>
					<Add option="-O2" />
					<Add option="-lpthread" />
					<Add directory="include" />
					<Add directory="include/decision" />
				</Compiler>
				<Linker>
					<Add option="-s" />
					<Add option="-lpthread" />
					<Add option="`mysql_config --cflags --libs`" />
				</Linker>
			</Target>
		</Build>
		<Compiler>
			<Add option="-Wall" />
			<Add option="-fexceptions" />
		</Compiler>
		<Unit filename="include/SQLInterface.h" />
		<Unit filename="include/decision/MissileDecision.h" />
		<Unit filename="include/decision/MoveDecision.h" />
		<Unit filename="include/decision/MoveToDecision.h" />
		<Unit filename="include/decision/ShootDecision.h" />
		<Unit filename="include/decision/StopDecision.h" />
		<Unit filename="include/interface.h" />
		<Unit filename="include/operator/Missile.h" />
		<Unit filename="include/operator/Tank.h" />
		<Unit filename="include/um/Action.h" />
		<Unit filename="include/um/ActionHandler.h" />
		<Unit filename="include/um/Decision.h" />
		<Unit filename="include/um/DecisionFactory.h" />
		<Unit filename="include/um/Event.h" />
		<Unit filename="include/um/EventSender.h" />
		<Unit filename="include/um/GameWorld.h" />
		<Unit filename="include/um/Marco.h" />
		<Unit filename="include/um/Operator.h" />
		<Unit filename="include/um/Rules.h" />
		<Unit filename="include/um/Singleton.h" />
		<Unit filename="include/um/State.h" />
		<Unit filename="include/um/Timer.h" />
		<Unit filename="include/um/UpdateEngine.h" />
		<Unit filename="include/um/UpdateManager.h" />
		<Unit filename="main.cpp" />
		<Unit filename="src/SQLInterface.cpp" />
		<Unit filename="src/decision/MissileDecision.cpp" />
		<Unit filename="src/decision/MoveDecision.cpp" />
		<Unit filename="src/decision/MoveToDecision.cpp" />
		<Unit filename="src/decision/ShootDecision.cpp" />
		<Unit filename="src/decision/StopDecision.cpp" />
		<Unit filename="src/interface.cpp" />
		<Unit filename="src/operator/Missile.cpp" />
		<Unit filename="src/operator/Tank.cpp" />
		<Unit filename="src/um/Action.cpp" />
		<Unit filename="src/um/ActionHandler.cpp" />
		<Unit filename="src/um/Decision.cpp" />
		<Unit filename="src/um/DecisionFactory.cpp" />
		<Unit filename="src/um/Event.cpp" />
		<Unit filename="src/um/EventSender.cpp" />
		<Unit filename="src/um/GameWorld.cpp" />
		<Unit filename="src/um/Operator.cpp" />
		<Unit filename="src/um/Rules.cpp" />
		<Unit filename="src/um/State.cpp" />
		<Unit filename="src/um/Timer.cpp" />
		<Unit filename="src/um/UpdateEngine.cpp" />
		<Unit filename="src/um/UpdateManager.cpp" />
		<Extensions>
			<code_completion />
			<envvars />
			<lib_finder disable_auto="1" />
			<debugger />
		</Extensions>
	</Project>
</CodeBlocks_project_file>
